---
- name: Wait for APT locks
  shell: |
    while lsof /var/lib/dpkg/lock-frontend >/dev/null 2>&1 || lsof /var/lib/apt/lists/lock >/dev/null 2>&1 || lsof /var/lib/dpkg/lock >/dev/null 2>&1; do
      echo "Waiting for other APT processes to finish..."
      sleep 5
    done
  register: apt_wait
  changed_when: false
  become: true
  retries: 5
  delay: 5
  until: apt_wait is success